
Microsoft Visual Studio Solution File, Format Version 12.00
# Visual Studio Version 16
VisualStudioVersion = 16.0.30611.23
MinimumVisualStudioVersion = 10.0.40219.1
Project("{FAE04EC0-301F-11D3-BF4B-00C04F79EFBC}") = "RGBtoHEX", "RGBtoHEX.csproj", "{C1D77C95-6CBE-41D6-A1A1-E14E7999248D}"
EndProject
Global
	GlobalSection(SolutionConfigurationPlatforms) = preSolution
		Debug|Any CPU = Debug|Any CPU
		Release|Any CPU = Release|Any CPU
	EndGlobalSection
	GlobalSection(ProjectConfigurationPlatforms) = postSolution
		{C1D77C95-6CBE-41D6-A1A1-E14E7999248D}.Debug|Any CPU.ActiveCfg = Debug|Any CPU
		{C1D77C95-6CBE-41D6-A1A1-E14E7999248D}.Debug|Any CPU.Build.0 = Debug|Any CPU
		{C1D77C95-6CBE-41D6-A1A1-E14E7999248D}.Release|Any CPU.ActiveCfg = Release|Any CPU
		{C1D77C95-6CBE-41D6-A1A1-E14E7999248D}.Release|Any CPU.Build.0 = Release|Any CPU
	EndGlobalSection
	GlobalSection(SolutionProperties) = preSolution
		HideSolutionNode = FALSE
	EndGlobalSection
	GlobalSection(ExtensibilityGlobals) = postSolution
		SolutionGuid = {1C7B8F9C-35DF-4E14-8C25-9A172968EF9F}
	EndGlobalSection
EndGlobal
